
Microsoft Visual Studio Solution File, Format Version 12.00
# Visual Studio 2012
Project("{FAE04EC0-301F-11D3-BF4B-00C04F79EFBC}") = "ReadWriteUserName", "ReadWriteUserName\ReadWriteUserName.csproj", "{C698F5B7-F99E-44F7-9263-541E7FB88501}"
EndProject
Project("{FAE04EC0-301F-11D3-BF4B-00C04F79EFBC}") = "GetMax", "GetMax\GetMax.csproj", "{43EAD7DE-F7F7-4259-A69B-F2C117CBB38B}"
EndProject
Project("{FAE04EC0-301F-11D3-BF4B-00C04F79EFBC}") = "LastDigitAsWord", "LastDigitAsWord\LastDigitAsWord.csproj", "{A0FCCEDD-11FE-444A-9287-508431BAF785}"
EndProject
Project("{FAE04EC0-301F-11D3-BF4B-00C04F79EFBC}") = "CountNumberAppearsInArray", "CountNumberAppearsInArray\CountNumberAppearsInArray.csproj", "{0BDABD49-626C-451C-BFD7-153FB6B9E2EB}"
EndProject
Project("{FAE04EC0-301F-11D3-BF4B-00C04F79EFBC}") = "NumberBiggerThanNeighbors", "NumberBiggerThanNeighbors\NumberBiggerThanNeighbors.csproj", "{3058F32B-001B-4B0E-8B94-0074CEEC2DB8}"
EndProject
Project("{FAE04EC0-301F-11D3-BF4B-00C04F79EFBC}") = "FindNumberBiggerThanNeighbors", "FindNumberBiggerThanNeighbors\FindNumberBiggerThanNeighbors.csproj", "{A7FC0A67-0279-43CB-A9B0-A4FFC2129723}"
EndProject
Project("{FAE04EC0-301F-11D3-BF4B-00C04F79EFBC}") = "ReverseDigits", "ReverseDigits\ReverseDigits.csproj", "{CE9D3BCD-E0BB-442A-A866-73BC06242A70}"
EndProject
Project("{FAE04EC0-301F-11D3-BF4B-00C04F79EFBC}") = "AddNumbersAsArrays", "AddNumbersAsArrays\AddNumbersAsArrays.csproj", "{3D5835A9-941B-4E30-9195-B992A6DCBA4A}"
EndProject
Project("{FAE04EC0-301F-11D3-BF4B-00C04F79EFBC}") = "MinMaxSumAvrgProduct", "MinMaxSumAvrgProduct\MinMaxSumAvrgProduct.csproj", "{BDBDB0B1-7174-4C8B-A97E-F28699301FC5}"
EndProject
Project("{FAE04EC0-301F-11D3-BF4B-00C04F79EFBC}") = "MinMaxSumAvrgProductGeneric", "MinMaxSumAvrgProductGeneric\MinMaxSumAvrgProductGeneric.csproj", "{BAEB9B0E-4DDD-4C17-9D59-F4AA6F59A4AB}"
EndProject
Project("{FAE04EC0-301F-11D3-BF4B-00C04F79EFBC}") = "TextBaseMenuTasks", "TextBaseMenuTasks\TextBaseMenuTasks.csproj", "{95D32116-CCA1-4042-9738-53F4BC41AF56}"
EndProject
Project("{FAE04EC0-301F-11D3-BF4B-00C04F79EFBC}") = "Factorial", "Factorial\Factorial.csproj", "{99338F05-AD7D-4E56-8259-7D8786F50B50}"
EndProject
Project("{FAE04EC0-301F-11D3-BF4B-00C04F79EFBC}") = "AddPolynomials", "AddPolynomials\AddPolynomials.csproj", "{E11F29C5-25EE-47EF-A957-DABE32F61AC6}"
EndProject
Project("{FAE04EC0-301F-11D3-BF4B-00C04F79EFBC}") = "AddSubtractMultiplyPolynomials", "AddSubtractMultiplyPolynomials\AddSubtractMultiplyPolynomials.csproj", "{7028BE77-B462-4DB5-A1CC-72ED10CD2AA1}"
EndProject
Project("{FAE04EC0-301F-11D3-BF4B-00C04F79EFBC}") = "SortDescendingOrder", "SortDescendingOrder\SortDescendingOrder.csproj", "{670C177C-F602-4857-BE4E-41F2808DF538}"
EndProject
Global
	GlobalSection(SolutionConfigurationPlatforms) = preSolution
		Debug|Any CPU = Debug|Any CPU
		Release|Any CPU = Release|Any CPU
	EndGlobalSection
	GlobalSection(ProjectConfigurationPlatforms) = postSolution
		{C698F5B7-F99E-44F7-9263-541E7FB88501}.Debug|Any CPU.ActiveCfg = Debug|Any CPU
		{C698F5B7-F99E-44F7-9263-541E7FB88501}.Debug|Any CPU.Build.0 = Debug|Any CPU
		{C698F5B7-F99E-44F7-9263-541E7FB88501}.Release|Any CPU.ActiveCfg = Release|Any CPU
		{C698F5B7-F99E-44F7-9263-541E7FB88501}.Release|Any CPU.Build.0 = Release|Any CPU
		{43EAD7DE-F7F7-4259-A69B-F2C117CBB38B}.Debug|Any CPU.ActiveCfg = Debug|Any CPU
		{43EAD7DE-F7F7-4259-A69B-F2C117CBB38B}.Debug|Any CPU.Build.0 = Debug|Any CPU
		{43EAD7DE-F7F7-4259-A69B-F2C117CBB38B}.Release|Any CPU.ActiveCfg = Release|Any CPU
		{43EAD7DE-F7F7-4259-A69B-F2C117CBB38B}.Release|Any CPU.Build.0 = Release|Any CPU
		{A0FCCEDD-11FE-444A-9287-508431BAF785}.Debug|Any CPU.ActiveCfg = Debug|Any CPU
		{A0FCCEDD-11FE-444A-9287-508431BAF785}.Debug|Any CPU.Build.0 = Debug|Any CPU
		{A0FCCEDD-11FE-444A-9287-508431BAF785}.Release|Any CPU.ActiveCfg = Release|Any CPU
		{A0FCCEDD-11FE-444A-9287-508431BAF785}.Release|Any CPU.Build.0 = Release|Any CPU
		{0BDABD49-626C-451C-BFD7-153FB6B9E2EB}.Debug|Any CPU.ActiveCfg = Debug|Any CPU
		{0BDABD49-626C-451C-BFD7-153FB6B9E2EB}.Debug|Any CPU.Build.0 = Debug|Any CPU
		{0BDABD49-626C-451C-BFD7-153FB6B9E2EB}.Release|Any CPU.ActiveCfg = Release|Any CPU
		{0BDABD49-626C-451C-BFD7-153FB6B9E2EB}.Release|Any CPU.Build.0 = Release|Any CPU
		{3058F32B-001B-4B0E-8B94-0074CEEC2DB8}.Debug|Any CPU.ActiveCfg = Debug|Any CPU
		{3058F32B-001B-4B0E-8B94-0074CEEC2DB8}.Debug|Any CPU.Build.0 = Debug|Any CPU
		{3058F32B-001B-4B0E-8B94-0074CEEC2DB8}.Release|Any CPU.ActiveCfg = Release|Any CPU
		{3058F32B-001B-4B0E-8B94-0074CEEC2DB8}.Release|Any CPU.Build.0 = Release|Any CPU
		{A7FC0A67-0279-43CB-A9B0-A4FFC2129723}.Debug|Any CPU.ActiveCfg = Debug|Any CPU
		{A7FC0A67-0279-43CB-A9B0-A4FFC2129723}.Debug|Any CPU.Build.0 = Debug|Any CPU
		{A7FC0A67-0279-43CB-A9B0-A4FFC2129723}.Release|Any CPU.ActiveCfg = Release|Any CPU
		{A7FC0A67-0279-43CB-A9B0-A4FFC2129723}.Release|Any CPU.Build.0 = Release|Any CPU
		{CE9D3BCD-E0BB-442A-A866-73BC06242A70}.Debug|Any CPU.ActiveCfg = Debug|Any CPU
		{CE9D3BCD-E0BB-442A-A866-73BC06242A70}.Debug|Any CPU.Build.0 = Debug|Any CPU
		{CE9D3BCD-E0BB-442A-A866-73BC06242A70}.Release|Any CPU.ActiveCfg = Release|Any CPU
		{CE9D3BCD-E0BB-442A-A866-73BC06242A70}.Release|Any CPU.Build.0 = Release|Any CPU
		{3D5835A9-941B-4E30-9195-B992A6DCBA4A}.Debug|Any CPU.ActiveCfg = Debug|Any CPU
		{3D5835A9-941B-4E30-9195-B992A6DCBA4A}.Debug|Any CPU.Build.0 = Debug|Any CPU
		{3D5835A9-941B-4E30-9195-B992A6DCBA4A}.Release|Any CPU.ActiveCfg = Release|Any CPU
		{3D5835A9-941B-4E30-9195-B992A6DCBA4A}.Release|Any CPU.Build.0 = Release|Any CPU
		{BDBDB0B1-7174-4C8B-A97E-F28699301FC5}.Debug|Any CPU.ActiveCfg = Debug|Any CPU
		{BDBDB0B1-7174-4C8B-A97E-F28699301FC5}.Debug|Any CPU.Build.0 = Debug|Any CPU
		{BDBDB0B1-7174-4C8B-A97E-F28699301FC5}.Release|Any CPU.ActiveCfg = Release|Any CPU
		{BDBDB0B1-7174-4C8B-A97E-F28699301FC5}.Release|Any CPU.Build.0 = Release|Any CPU
		{BAEB9B0E-4DDD-4C17-9D59-F4AA6F59A4AB}.Debug|Any CPU.ActiveCfg = Debug|Any CPU
		{BAEB9B0E-4DDD-4C17-9D59-F4AA6F59A4AB}.Debug|Any CPU.Build.0 = Debug|Any CPU
		{BAEB9B0E-4DDD-4C17-9D59-F4AA6F59A4AB}.Release|Any CPU.ActiveCfg = Release|Any CPU
		{BAEB9B0E-4DDD-4C17-9D59-F4AA6F59A4AB}.Release|Any CPU.Build.0 = Release|Any CPU
		{95D32116-CCA1-4042-9738-53F4BC41AF56}.Debug|Any CPU.ActiveCfg = Debug|Any CPU
		{95D32116-CCA1-4042-9738-53F4BC41AF56}.Debug|Any CPU.Build.0 = Debug|Any CPU
		{95D32116-CCA1-4042-9738-53F4BC41AF56}.Release|Any CPU.ActiveCfg = Release|Any CPU
		{95D32116-CCA1-4042-9738-53F4BC41AF56}.Release|Any CPU.Build.0 = Release|Any CPU
		{99338F05-AD7D-4E56-8259-7D8786F50B50}.Debug|Any CPU.ActiveCfg = Debug|Any CPU
		{99338F05-AD7D-4E56-8259-7D8786F50B50}.Debug|Any CPU.Build.0 = Debug|Any CPU
		{99338F05-AD7D-4E56-8259-7D8786F50B50}.Release|Any CPU.ActiveCfg = Release|Any CPU
		{99338F05-AD7D-4E56-8259-7D8786F50B50}.Release|Any CPU.Build.0 = Release|Any CPU
		{E11F29C5-25EE-47EF-A957-DABE32F61AC6}.Debug|Any CPU.ActiveCfg = Debug|Any CPU
		{E11F29C5-25EE-47EF-A957-DABE32F61AC6}.Debug|Any CPU.Build.0 = Debug|Any CPU
		{E11F29C5-25EE-47EF-A957-DABE32F61AC6}.Release|Any CPU.ActiveCfg = Release|Any CPU
		{E11F29C5-25EE-47EF-A957-DABE32F61AC6}.Release|Any CPU.Build.0 = Release|Any CPU
		{7028BE77-B462-4DB5-A1CC-72ED10CD2AA1}.Debug|Any CPU.ActiveCfg = Debug|Any CPU
		{7028BE77-B462-4DB5-A1CC-72ED10CD2AA1}.Debug|Any CPU.Build.0 = Debug|Any CPU
		{7028BE77-B462-4DB5-A1CC-72ED10CD2AA1}.Release|Any CPU.ActiveCfg = Release|Any CPU
		{7028BE77-B462-4DB5-A1CC-72ED10CD2AA1}.Release|Any CPU.Build.0 = Release|Any CPU
		{670C177C-F602-4857-BE4E-41F2808DF538}.Debug|Any CPU.ActiveCfg = Debug|Any CPU
		{670C177C-F602-4857-BE4E-41F2808DF538}.Debug|Any CPU.Build.0 = Debug|Any CPU
		{670C177C-F602-4857-BE4E-41F2808DF538}.Release|Any CPU.ActiveCfg = Release|Any CPU
		{670C177C-F602-4857-BE4E-41F2808DF538}.Release|Any CPU.Build.0 = Release|Any CPU
	EndGlobalSection
	GlobalSection(SolutionProperties) = preSolution
		HideSolutionNode = FALSE
	EndGlobalSection
EndGlobal
