
Microsoft Visual Studio Solution File, Format Version 12.00
# Visual Studio 2012
Project("{FAE04EC0-301F-11D3-BF4B-00C04F79EFBC}") = "1.Shapes", "1.Shapes\1.Shapes.csproj", "{D45C47E2-537C-4733-8DBC-DA45C8D43057}"
EndProject
Project("{FAE04EC0-301F-11D3-BF4B-00C04F79EFBC}") = "2.BankSystem", "2.BankSystem\2.BankSystem.csproj", "{594445D0-0F0C-4054-964B-CDC0597C0735}"
EndProject
Global
	GlobalSection(SolutionConfigurationPlatforms) = preSolution
		Debug|Any CPU = Debug|Any CPU
		Release|Any CPU = Release|Any CPU
	EndGlobalSection
	GlobalSection(ProjectConfigurationPlatforms) = postSolution
		{D45C47E2-537C-4733-8DBC-DA45C8D43057}.Debug|Any CPU.ActiveCfg = Debug|Any CPU
		{D45C47E2-537C-4733-8DBC-DA45C8D43057}.Debug|Any CPU.Build.0 = Debug|Any CPU
		{D45C47E2-537C-4733-8DBC-DA45C8D43057}.Release|Any CPU.ActiveCfg = Release|Any CPU
		{D45C47E2-537C-4733-8DBC-DA45C8D43057}.Release|Any CPU.Build.0 = Release|Any CPU
		{594445D0-0F0C-4054-964B-CDC0597C0735}.Debug|Any CPU.ActiveCfg = Debug|Any CPU
		{594445D0-0F0C-4054-964B-CDC0597C0735}.Debug|Any CPU.Build.0 = Debug|Any CPU
		{594445D0-0F0C-4054-964B-CDC0597C0735}.Release|Any CPU.ActiveCfg = Release|Any CPU
		{594445D0-0F0C-4054-964B-CDC0597C0735}.Release|Any CPU.Build.0 = Release|Any CPU
	EndGlobalSection
	GlobalSection(SolutionProperties) = preSolution
		HideSolutionNode = FALSE
	EndGlobalSection
EndGlobal
