
Microsoft Visual Studio Solution File, Format Version 12.00
# Visual Studio 2012
Project("{FAE04EC0-301F-11D3-BF4B-00C04F79EFBC}") = "AcademyGamePlay", "AcademyGamePlay\AcademyGamePlay.csproj", "{7CB84D76-F4E2-4F51-B743-2795DD6D69E3}"
EndProject
Global
	GlobalSection(TeamFoundationVersionControl) = preSolution
		SccNumberOfProjects = 2
		SccEnterpriseProvider = {4CA58AB2-18FA-4F8D-95D4-32DDF27D184C}
		SccTeamFoundationServer = https://manchev.visualstudio.com/defaultcollection
		SccLocalPath0 = .
		SccProjectUniqueName1 = AcademyGamePlay\\AcademyGamePlay.csproj
		SccProjectName1 = AcademyGamePlay
		SccLocalPath1 = AcademyGamePlay
	EndGlobalSection
	GlobalSection(SolutionConfigurationPlatforms) = preSolution
		Debug|Any CPU = Debug|Any CPU
		Release|Any CPU = Release|Any CPU
	EndGlobalSection
	GlobalSection(ProjectConfigurationPlatforms) = postSolution
		{7CB84D76-F4E2-4F51-B743-2795DD6D69E3}.Debug|Any CPU.ActiveCfg = Debug|Any CPU
		{7CB84D76-F4E2-4F51-B743-2795DD6D69E3}.Debug|Any CPU.Build.0 = Debug|Any CPU
		{7CB84D76-F4E2-4F51-B743-2795DD6D69E3}.Release|Any CPU.ActiveCfg = Release|Any CPU
		{7CB84D76-F4E2-4F51-B743-2795DD6D69E3}.Release|Any CPU.Build.0 = Release|Any CPU
	EndGlobalSection
	GlobalSection(SolutionProperties) = preSolution
		HideSolutionNode = FALSE
	EndGlobalSection
EndGlobal
