
Microsoft Visual Studio Solution File, Format Version 12.00
# Visual Studio 2012
Project("{FAE04EC0-301F-11D3-BF4B-00C04F79EFBC}") = "1.Chef", "1.Chef\1.Chef.csproj", "{4099B8EB-11C4-43AC-8DFE-CBC03B94E15C}"
EndProject
Project("{FAE04EC0-301F-11D3-BF4B-00C04F79EFBC}") = "2.RefactoredConditionalStatements", "2.RefactoredConditionalStatements\2.RefactoredConditionalStatements.csproj", "{9DE789F4-9CF2-4135-B581-614F14ACAE45}"
EndProject
Project("{FAE04EC0-301F-11D3-BF4B-00C04F79EFBC}") = "3.RefactoredLoop", "3.RefactoredLoop\3.RefactoredLoop.csproj", "{F2E92095-B5DB-494F-9AF5-DF8578C1A722}"
EndProject
Global
	GlobalSection(SolutionConfigurationPlatforms) = preSolution
		Debug|Any CPU = Debug|Any CPU
		Release|Any CPU = Release|Any CPU
	EndGlobalSection
	GlobalSection(ProjectConfigurationPlatforms) = postSolution
		{4099B8EB-11C4-43AC-8DFE-CBC03B94E15C}.Debug|Any CPU.ActiveCfg = Debug|Any CPU
		{4099B8EB-11C4-43AC-8DFE-CBC03B94E15C}.Debug|Any CPU.Build.0 = Debug|Any CPU
		{4099B8EB-11C4-43AC-8DFE-CBC03B94E15C}.Release|Any CPU.ActiveCfg = Release|Any CPU
		{4099B8EB-11C4-43AC-8DFE-CBC03B94E15C}.Release|Any CPU.Build.0 = Release|Any CPU
		{9DE789F4-9CF2-4135-B581-614F14ACAE45}.Debug|Any CPU.ActiveCfg = Debug|Any CPU
		{9DE789F4-9CF2-4135-B581-614F14ACAE45}.Debug|Any CPU.Build.0 = Debug|Any CPU
		{9DE789F4-9CF2-4135-B581-614F14ACAE45}.Release|Any CPU.ActiveCfg = Release|Any CPU
		{9DE789F4-9CF2-4135-B581-614F14ACAE45}.Release|Any CPU.Build.0 = Release|Any CPU
		{F2E92095-B5DB-494F-9AF5-DF8578C1A722}.Debug|Any CPU.ActiveCfg = Debug|Any CPU
		{F2E92095-B5DB-494F-9AF5-DF8578C1A722}.Debug|Any CPU.Build.0 = Debug|Any CPU
		{F2E92095-B5DB-494F-9AF5-DF8578C1A722}.Release|Any CPU.ActiveCfg = Release|Any CPU
		{F2E92095-B5DB-494F-9AF5-DF8578C1A722}.Release|Any CPU.Build.0 = Release|Any CPU
	EndGlobalSection
	GlobalSection(SolutionProperties) = preSolution
		HideSolutionNode = FALSE
	EndGlobalSection
EndGlobal
