
Microsoft Visual Studio Solution File, Format Version 12.00
# Visual Studio 2012
Project("{FAE04EC0-301F-11D3-BF4B-00C04F79EFBC}") = "JavaScriptHomeworkTemplate", "JavaScriptHomeworkTemplate\JavaScriptHomeworkTemplate.csproj", "{6EDBA4B6-5723-4382-99AC-3A1C57C621E8}"
EndProject
Global
	GlobalSection(SolutionConfigurationPlatforms) = preSolution
		Debug|Any CPU = Debug|Any CPU
		Release|Any CPU = Release|Any CPU
	EndGlobalSection
	GlobalSection(ProjectConfigurationPlatforms) = postSolution
		{6EDBA4B6-5723-4382-99AC-3A1C57C621E8}.Debug|Any CPU.ActiveCfg = Debug|Any CPU
		{6EDBA4B6-5723-4382-99AC-3A1C57C621E8}.Debug|Any CPU.Build.0 = Debug|Any CPU
		{6EDBA4B6-5723-4382-99AC-3A1C57C621E8}.Release|Any CPU.ActiveCfg = Release|Any CPU
		{6EDBA4B6-5723-4382-99AC-3A1C57C621E8}.Release|Any CPU.Build.0 = Release|Any CPU
	EndGlobalSection
	GlobalSection(SolutionProperties) = preSolution
		HideSolutionNode = FALSE
	EndGlobalSection
EndGlobal
