
Microsoft Visual Studio Solution File, Format Version 12.00
# Visual Studio 2012
Project("{FAE04EC0-301F-11D3-BF4B-00C04F79EFBC}") = "MathExpression", "MathExpression\MathExpression.csproj", "{44C2E61D-ECB8-4463-AF89-0E60CE5B1DFF}"
EndProject
Project("{FAE04EC0-301F-11D3-BF4B-00C04F79EFBC}") = "LeastMajorityMultiple", "LeastMajorityMultiple\LeastMajorityMultiple.csproj", "{F5D250E5-B3E8-4C0E-8780-6B49AF46E8AF}"
EndProject
Project("{FAE04EC0-301F-11D3-BF4B-00C04F79EFBC}") = "Trapezoid", "Trapezoid\Trapezoid.csproj", "{E8151C3C-C469-4082-9D42-0EBCD1CE9112}"
EndProject
Project("{FAE04EC0-301F-11D3-BF4B-00C04F79EFBC}") = "OddNumber", "OddNumber\OddNumber.csproj", "{9EE8000A-355C-4946-BE4E-3175F26DE15E}"
EndProject
Project("{FAE04EC0-301F-11D3-BF4B-00C04F79EFBC}") = "FallDown", "FallDown\FallDown.csproj", "{12EDA4C6-705F-473E-A7A8-64A7D5049CFC}"
EndProject
Global
	GlobalSection(SolutionConfigurationPlatforms) = preSolution
		Debug|Any CPU = Debug|Any CPU
		Release|Any CPU = Release|Any CPU
	EndGlobalSection
	GlobalSection(ProjectConfigurationPlatforms) = postSolution
		{44C2E61D-ECB8-4463-AF89-0E60CE5B1DFF}.Debug|Any CPU.ActiveCfg = Debug|Any CPU
		{44C2E61D-ECB8-4463-AF89-0E60CE5B1DFF}.Debug|Any CPU.Build.0 = Debug|Any CPU
		{44C2E61D-ECB8-4463-AF89-0E60CE5B1DFF}.Release|Any CPU.ActiveCfg = Release|Any CPU
		{44C2E61D-ECB8-4463-AF89-0E60CE5B1DFF}.Release|Any CPU.Build.0 = Release|Any CPU
		{F5D250E5-B3E8-4C0E-8780-6B49AF46E8AF}.Debug|Any CPU.ActiveCfg = Debug|Any CPU
		{F5D250E5-B3E8-4C0E-8780-6B49AF46E8AF}.Debug|Any CPU.Build.0 = Debug|Any CPU
		{F5D250E5-B3E8-4C0E-8780-6B49AF46E8AF}.Release|Any CPU.ActiveCfg = Release|Any CPU
		{F5D250E5-B3E8-4C0E-8780-6B49AF46E8AF}.Release|Any CPU.Build.0 = Release|Any CPU
		{E8151C3C-C469-4082-9D42-0EBCD1CE9112}.Debug|Any CPU.ActiveCfg = Debug|Any CPU
		{E8151C3C-C469-4082-9D42-0EBCD1CE9112}.Debug|Any CPU.Build.0 = Debug|Any CPU
		{E8151C3C-C469-4082-9D42-0EBCD1CE9112}.Release|Any CPU.ActiveCfg = Release|Any CPU
		{E8151C3C-C469-4082-9D42-0EBCD1CE9112}.Release|Any CPU.Build.0 = Release|Any CPU
		{9EE8000A-355C-4946-BE4E-3175F26DE15E}.Debug|Any CPU.ActiveCfg = Debug|Any CPU
		{9EE8000A-355C-4946-BE4E-3175F26DE15E}.Debug|Any CPU.Build.0 = Debug|Any CPU
		{9EE8000A-355C-4946-BE4E-3175F26DE15E}.Release|Any CPU.ActiveCfg = Release|Any CPU
		{9EE8000A-355C-4946-BE4E-3175F26DE15E}.Release|Any CPU.Build.0 = Release|Any CPU
		{12EDA4C6-705F-473E-A7A8-64A7D5049CFC}.Debug|Any CPU.ActiveCfg = Debug|Any CPU
		{12EDA4C6-705F-473E-A7A8-64A7D5049CFC}.Debug|Any CPU.Build.0 = Debug|Any CPU
		{12EDA4C6-705F-473E-A7A8-64A7D5049CFC}.Release|Any CPU.ActiveCfg = Release|Any CPU
		{12EDA4C6-705F-473E-A7A8-64A7D5049CFC}.Release|Any CPU.Build.0 = Release|Any CPU
	EndGlobalSection
	GlobalSection(SolutionProperties) = preSolution
		HideSolutionNode = FALSE
	EndGlobalSection
EndGlobal
