
Microsoft Visual Studio Solution File, Format Version 11.00
# Visual Studio 2010
Project("{FAE04EC0-301F-11D3-BF4B-00C04F79EFBC}") = "OddOrEven", "OddOrEven\OddOrEven.csproj", "{21BDE77E-A002-484F-8D9B-C1F5AB9AFBED}"
EndProject
Project("{FAE04EC0-301F-11D3-BF4B-00C04F79EFBC}") = "DivisableBy5And7", "DivisableBy5And7\DivisableBy5And7.csproj", "{BA57D39C-A86F-4AEF-9620-50F2F391329B}"
EndProject
Project("{FAE04EC0-301F-11D3-BF4B-00C04F79EFBC}") = "RectangleArea", "RectangleArea\RectangleArea.csproj", "{61FEDB5D-82D4-4ED5-8EF5-A084CBA5A4C9}"
EndProject
Project("{FAE04EC0-301F-11D3-BF4B-00C04F79EFBC}") = "ThirdDigitIs7", "ThirdDigitIs7\ThirdDigitIs7.csproj", "{E41EEC63-7048-4C5E-9BE7-C54BC2DC51E7}"
EndProject
Project("{FAE04EC0-301F-11D3-BF4B-00C04F79EFBC}") = "GetThirdBitValue", "GetThirdBitValue\GetThirdBitValue.csproj", "{8321BBA5-F424-44BC-AAD6-9CC0F29E579E}"
EndProject
Project("{FAE04EC0-301F-11D3-BF4B-00C04F79EFBC}") = "PointInCircle", "PointInCircle\PointInCircle.csproj", "{CB20E813-4528-4C5E-BA5A-5E5E248D9189}"
EndProject
Project("{FAE04EC0-301F-11D3-BF4B-00C04F79EFBC}") = "IsPrime", "IsPrime\IsPrime.csproj", "{C2F6C76B-1E8A-4E15-8656-3F465D3CDE61}"
EndProject
Project("{FAE04EC0-301F-11D3-BF4B-00C04F79EFBC}") = "TrapezoidArea", "TrapezoidArea\TrapezoidArea.csproj", "{56DF0A33-09BB-4DFA-82CA-B5F32E790FB7}"
EndProject
Project("{FAE04EC0-301F-11D3-BF4B-00C04F79EFBC}") = "InsideCircleOutsideRectangle", "InsideCircleOutsideRectangle\InsideCircleOutsideRectangle.csproj", "{A41F1896-3A37-4D3D-8C0A-4BD2ECC84E7A}"
EndProject
Project("{FAE04EC0-301F-11D3-BF4B-00C04F79EFBC}") = "DetermineBitValue", "DetermineBitValue\DetermineBitValue.csproj", "{4BF51E0F-045B-467B-87CB-CBC68A079C5F}"
EndProject
Project("{FAE04EC0-301F-11D3-BF4B-00C04F79EFBC}") = "ExtractBitValue", "ExtractBitValue\ExtractBitValue.csproj", "{66D89B16-C386-4BEA-AC9E-5328ECFDA5BC}"
EndProject
Project("{FAE04EC0-301F-11D3-BF4B-00C04F79EFBC}") = "ModifyBitValue", "ModifyBitValue\ModifyBitValue.csproj", "{84870B6A-D0AC-49D7-9E01-3DB9991EAD4E}"
EndProject
Project("{FAE04EC0-301F-11D3-BF4B-00C04F79EFBC}") = "ExchangeBitValues", "ExchangeBitValues\ExchangeBitValues.csproj", "{A7E35535-F78C-48E9-AFD1-DDB67458E58C}"
EndProject
Project("{FAE04EC0-301F-11D3-BF4B-00C04F79EFBC}") = "ExchangeDesiredBits", "ExchangeDesiredBits\ExchangeDesiredBits.csproj", "{A95E1964-949A-4148-80EB-E2A413F14F88}"
EndProject
Global
	GlobalSection(SolutionConfigurationPlatforms) = preSolution
		Debug|x86 = Debug|x86
		Release|x86 = Release|x86
	EndGlobalSection
	GlobalSection(ProjectConfigurationPlatforms) = postSolution
		{21BDE77E-A002-484F-8D9B-C1F5AB9AFBED}.Debug|x86.ActiveCfg = Debug|x86
		{21BDE77E-A002-484F-8D9B-C1F5AB9AFBED}.Debug|x86.Build.0 = Debug|x86
		{21BDE77E-A002-484F-8D9B-C1F5AB9AFBED}.Release|x86.ActiveCfg = Release|x86
		{21BDE77E-A002-484F-8D9B-C1F5AB9AFBED}.Release|x86.Build.0 = Release|x86
		{BA57D39C-A86F-4AEF-9620-50F2F391329B}.Debug|x86.ActiveCfg = Debug|x86
		{BA57D39C-A86F-4AEF-9620-50F2F391329B}.Debug|x86.Build.0 = Debug|x86
		{BA57D39C-A86F-4AEF-9620-50F2F391329B}.Release|x86.ActiveCfg = Release|x86
		{BA57D39C-A86F-4AEF-9620-50F2F391329B}.Release|x86.Build.0 = Release|x86
		{61FEDB5D-82D4-4ED5-8EF5-A084CBA5A4C9}.Debug|x86.ActiveCfg = Debug|x86
		{61FEDB5D-82D4-4ED5-8EF5-A084CBA5A4C9}.Debug|x86.Build.0 = Debug|x86
		{61FEDB5D-82D4-4ED5-8EF5-A084CBA5A4C9}.Release|x86.ActiveCfg = Release|x86
		{61FEDB5D-82D4-4ED5-8EF5-A084CBA5A4C9}.Release|x86.Build.0 = Release|x86
		{E41EEC63-7048-4C5E-9BE7-C54BC2DC51E7}.Debug|x86.ActiveCfg = Debug|x86
		{E41EEC63-7048-4C5E-9BE7-C54BC2DC51E7}.Debug|x86.Build.0 = Debug|x86
		{E41EEC63-7048-4C5E-9BE7-C54BC2DC51E7}.Release|x86.ActiveCfg = Release|x86
		{E41EEC63-7048-4C5E-9BE7-C54BC2DC51E7}.Release|x86.Build.0 = Release|x86
		{8321BBA5-F424-44BC-AAD6-9CC0F29E579E}.Debug|x86.ActiveCfg = Debug|x86
		{8321BBA5-F424-44BC-AAD6-9CC0F29E579E}.Debug|x86.Build.0 = Debug|x86
		{8321BBA5-F424-44BC-AAD6-9CC0F29E579E}.Release|x86.ActiveCfg = Release|x86
		{8321BBA5-F424-44BC-AAD6-9CC0F29E579E}.Release|x86.Build.0 = Release|x86
		{CB20E813-4528-4C5E-BA5A-5E5E248D9189}.Debug|x86.ActiveCfg = Debug|x86
		{CB20E813-4528-4C5E-BA5A-5E5E248D9189}.Debug|x86.Build.0 = Debug|x86
		{CB20E813-4528-4C5E-BA5A-5E5E248D9189}.Release|x86.ActiveCfg = Release|x86
		{CB20E813-4528-4C5E-BA5A-5E5E248D9189}.Release|x86.Build.0 = Release|x86
		{C2F6C76B-1E8A-4E15-8656-3F465D3CDE61}.Debug|x86.ActiveCfg = Debug|x86
		{C2F6C76B-1E8A-4E15-8656-3F465D3CDE61}.Debug|x86.Build.0 = Debug|x86
		{C2F6C76B-1E8A-4E15-8656-3F465D3CDE61}.Release|x86.ActiveCfg = Release|x86
		{C2F6C76B-1E8A-4E15-8656-3F465D3CDE61}.Release|x86.Build.0 = Release|x86
		{56DF0A33-09BB-4DFA-82CA-B5F32E790FB7}.Debug|x86.ActiveCfg = Debug|x86
		{56DF0A33-09BB-4DFA-82CA-B5F32E790FB7}.Debug|x86.Build.0 = Debug|x86
		{56DF0A33-09BB-4DFA-82CA-B5F32E790FB7}.Release|x86.ActiveCfg = Release|x86
		{56DF0A33-09BB-4DFA-82CA-B5F32E790FB7}.Release|x86.Build.0 = Release|x86
		{A41F1896-3A37-4D3D-8C0A-4BD2ECC84E7A}.Debug|x86.ActiveCfg = Debug|x86
		{A41F1896-3A37-4D3D-8C0A-4BD2ECC84E7A}.Debug|x86.Build.0 = Debug|x86
		{A41F1896-3A37-4D3D-8C0A-4BD2ECC84E7A}.Release|x86.ActiveCfg = Release|x86
		{A41F1896-3A37-4D3D-8C0A-4BD2ECC84E7A}.Release|x86.Build.0 = Release|x86
		{4BF51E0F-045B-467B-87CB-CBC68A079C5F}.Debug|x86.ActiveCfg = Debug|x86
		{4BF51E0F-045B-467B-87CB-CBC68A079C5F}.Debug|x86.Build.0 = Debug|x86
		{4BF51E0F-045B-467B-87CB-CBC68A079C5F}.Release|x86.ActiveCfg = Release|x86
		{4BF51E0F-045B-467B-87CB-CBC68A079C5F}.Release|x86.Build.0 = Release|x86
		{66D89B16-C386-4BEA-AC9E-5328ECFDA5BC}.Debug|x86.ActiveCfg = Debug|x86
		{66D89B16-C386-4BEA-AC9E-5328ECFDA5BC}.Debug|x86.Build.0 = Debug|x86
		{66D89B16-C386-4BEA-AC9E-5328ECFDA5BC}.Release|x86.ActiveCfg = Release|x86
		{66D89B16-C386-4BEA-AC9E-5328ECFDA5BC}.Release|x86.Build.0 = Release|x86
		{84870B6A-D0AC-49D7-9E01-3DB9991EAD4E}.Debug|x86.ActiveCfg = Debug|x86
		{84870B6A-D0AC-49D7-9E01-3DB9991EAD4E}.Debug|x86.Build.0 = Debug|x86
		{84870B6A-D0AC-49D7-9E01-3DB9991EAD4E}.Release|x86.ActiveCfg = Release|x86
		{84870B6A-D0AC-49D7-9E01-3DB9991EAD4E}.Release|x86.Build.0 = Release|x86
		{A7E35535-F78C-48E9-AFD1-DDB67458E58C}.Debug|x86.ActiveCfg = Debug|x86
		{A7E35535-F78C-48E9-AFD1-DDB67458E58C}.Debug|x86.Build.0 = Debug|x86
		{A7E35535-F78C-48E9-AFD1-DDB67458E58C}.Release|x86.ActiveCfg = Release|x86
		{A7E35535-F78C-48E9-AFD1-DDB67458E58C}.Release|x86.Build.0 = Release|x86
		{A95E1964-949A-4148-80EB-E2A413F14F88}.Debug|x86.ActiveCfg = Debug|x86
		{A95E1964-949A-4148-80EB-E2A413F14F88}.Debug|x86.Build.0 = Debug|x86
		{A95E1964-949A-4148-80EB-E2A413F14F88}.Release|x86.ActiveCfg = Release|x86
		{A95E1964-949A-4148-80EB-E2A413F14F88}.Release|x86.Build.0 = Release|x86
	EndGlobalSection
	GlobalSection(SolutionProperties) = preSolution
		HideSolutionNode = FALSE
	EndGlobalSection
EndGlobal
