
Microsoft Visual Studio Solution File, Format Version 12.00
# Visual Studio 2012
Project("{FAE04EC0-301F-11D3-BF4B-00C04F79EFBC}") = "1.DefineClasses", "1.DefineClasses\1.DefineClasses.csproj", "{DBCC8B81-0230-4797-8188-60574D79FFB1}"
EndProject
Project("{FAE04EC0-301F-11D3-BF4B-00C04F79EFBC}") = "2.DefineConstructors", "2.DefineConstructors\2.DefineConstructors.csproj", "{D69A380A-5A16-4B01-BCB8-2DE0B794C090}"
EndProject
Project("{FAE04EC0-301F-11D3-BF4B-00C04F79EFBC}") = "4.OverrideToString", "4.OverrideToString\4.OverrideToString.csproj", "{C39962F5-3951-4C6C-80B0-AD86169A529C}"
EndProject
Project("{FAE04EC0-301F-11D3-BF4B-00C04F79EFBC}") = "3.AddEnumeration", "3.AddEnumeration\3.AddEnumeration.csproj", "{9D22C150-4C05-450F-B727-A63890A9D64D}"
EndProject
Project("{FAE04EC0-301F-11D3-BF4B-00C04F79EFBC}") = "5.EncapsulateData", "5.EncapsulateData\5.EncapsulateData.csproj", "{8FCEA7A0-4ED2-4499-8ABD-E0307F46E139}"
EndProject
Project("{FAE04EC0-301F-11D3-BF4B-00C04F79EFBC}") = "7.GSMTest", "7.GSMTest\7.GSMTest.csproj", "{E33839CC-3013-46E0-8705-C716685C738A}"
EndProject
Project("{FAE04EC0-301F-11D3-BF4B-00C04F79EFBC}") = "6.AddIPhone4S", "6.AddIPhone4S\6.AddIPhone4S.csproj", "{4767008E-5A39-4305-8806-C7FF17A85A38}"
EndProject
Project("{FAE04EC0-301F-11D3-BF4B-00C04F79EFBC}") = "8.CallClass", "8.CallClass\8.CallClass.csproj", "{87BA5759-C620-4230-9700-B50F9109D1CF}"
EndProject
Project("{FAE04EC0-301F-11D3-BF4B-00C04F79EFBC}") = "9.CallHistory", "9.CallHistory\9.CallHistory.csproj", "{B9C3D15A-5AFA-49D2-B06B-971935842284}"
EndProject
Project("{FAE04EC0-301F-11D3-BF4B-00C04F79EFBC}") = "10.AddDeleteClearCalls", "10.AddDeleteClearCalls\10.AddDeleteClearCalls.csproj", "{1F1014CD-084D-4220-A48E-80D0120634F7}"
EndProject
Project("{FAE04EC0-301F-11D3-BF4B-00C04F79EFBC}") = "11.TotalPriceOfCalls", "11.TotalPriceOfCalls\11.TotalPriceOfCalls.csproj", "{AC4CC996-8986-4391-9FCC-534B7C6DB642}"
EndProject
Project("{FAE04EC0-301F-11D3-BF4B-00C04F79EFBC}") = "12.GSMCallHistoryTest", "12.GSMCallHistoryTest\12.GSMCallHistoryTest.csproj", "{D9E95D80-7567-4BB4-9D3D-C77C22458EC5}"
EndProject
Global
	GlobalSection(SolutionConfigurationPlatforms) = preSolution
		Debug|Any CPU = Debug|Any CPU
		Release|Any CPU = Release|Any CPU
	EndGlobalSection
	GlobalSection(ProjectConfigurationPlatforms) = postSolution
		{DBCC8B81-0230-4797-8188-60574D79FFB1}.Debug|Any CPU.ActiveCfg = Debug|Any CPU
		{DBCC8B81-0230-4797-8188-60574D79FFB1}.Debug|Any CPU.Build.0 = Debug|Any CPU
		{DBCC8B81-0230-4797-8188-60574D79FFB1}.Release|Any CPU.ActiveCfg = Release|Any CPU
		{DBCC8B81-0230-4797-8188-60574D79FFB1}.Release|Any CPU.Build.0 = Release|Any CPU
		{D69A380A-5A16-4B01-BCB8-2DE0B794C090}.Debug|Any CPU.ActiveCfg = Debug|Any CPU
		{D69A380A-5A16-4B01-BCB8-2DE0B794C090}.Debug|Any CPU.Build.0 = Debug|Any CPU
		{D69A380A-5A16-4B01-BCB8-2DE0B794C090}.Release|Any CPU.ActiveCfg = Release|Any CPU
		{D69A380A-5A16-4B01-BCB8-2DE0B794C090}.Release|Any CPU.Build.0 = Release|Any CPU
		{C39962F5-3951-4C6C-80B0-AD86169A529C}.Debug|Any CPU.ActiveCfg = Debug|Any CPU
		{C39962F5-3951-4C6C-80B0-AD86169A529C}.Debug|Any CPU.Build.0 = Debug|Any CPU
		{C39962F5-3951-4C6C-80B0-AD86169A529C}.Release|Any CPU.ActiveCfg = Release|Any CPU
		{C39962F5-3951-4C6C-80B0-AD86169A529C}.Release|Any CPU.Build.0 = Release|Any CPU
		{9D22C150-4C05-450F-B727-A63890A9D64D}.Debug|Any CPU.ActiveCfg = Debug|Any CPU
		{9D22C150-4C05-450F-B727-A63890A9D64D}.Debug|Any CPU.Build.0 = Debug|Any CPU
		{9D22C150-4C05-450F-B727-A63890A9D64D}.Release|Any CPU.ActiveCfg = Release|Any CPU
		{9D22C150-4C05-450F-B727-A63890A9D64D}.Release|Any CPU.Build.0 = Release|Any CPU
		{8FCEA7A0-4ED2-4499-8ABD-E0307F46E139}.Debug|Any CPU.ActiveCfg = Debug|Any CPU
		{8FCEA7A0-4ED2-4499-8ABD-E0307F46E139}.Debug|Any CPU.Build.0 = Debug|Any CPU
		{8FCEA7A0-4ED2-4499-8ABD-E0307F46E139}.Release|Any CPU.ActiveCfg = Release|Any CPU
		{8FCEA7A0-4ED2-4499-8ABD-E0307F46E139}.Release|Any CPU.Build.0 = Release|Any CPU
		{E33839CC-3013-46E0-8705-C716685C738A}.Debug|Any CPU.ActiveCfg = Debug|Any CPU
		{E33839CC-3013-46E0-8705-C716685C738A}.Debug|Any CPU.Build.0 = Debug|Any CPU
		{E33839CC-3013-46E0-8705-C716685C738A}.Release|Any CPU.ActiveCfg = Release|Any CPU
		{E33839CC-3013-46E0-8705-C716685C738A}.Release|Any CPU.Build.0 = Release|Any CPU
		{4767008E-5A39-4305-8806-C7FF17A85A38}.Debug|Any CPU.ActiveCfg = Debug|Any CPU
		{4767008E-5A39-4305-8806-C7FF17A85A38}.Debug|Any CPU.Build.0 = Debug|Any CPU
		{4767008E-5A39-4305-8806-C7FF17A85A38}.Release|Any CPU.ActiveCfg = Release|Any CPU
		{4767008E-5A39-4305-8806-C7FF17A85A38}.Release|Any CPU.Build.0 = Release|Any CPU
		{87BA5759-C620-4230-9700-B50F9109D1CF}.Debug|Any CPU.ActiveCfg = Debug|Any CPU
		{87BA5759-C620-4230-9700-B50F9109D1CF}.Debug|Any CPU.Build.0 = Debug|Any CPU
		{87BA5759-C620-4230-9700-B50F9109D1CF}.Release|Any CPU.ActiveCfg = Release|Any CPU
		{87BA5759-C620-4230-9700-B50F9109D1CF}.Release|Any CPU.Build.0 = Release|Any CPU
		{B9C3D15A-5AFA-49D2-B06B-971935842284}.Debug|Any CPU.ActiveCfg = Debug|Any CPU
		{B9C3D15A-5AFA-49D2-B06B-971935842284}.Debug|Any CPU.Build.0 = Debug|Any CPU
		{B9C3D15A-5AFA-49D2-B06B-971935842284}.Release|Any CPU.ActiveCfg = Release|Any CPU
		{B9C3D15A-5AFA-49D2-B06B-971935842284}.Release|Any CPU.Build.0 = Release|Any CPU
		{1F1014CD-084D-4220-A48E-80D0120634F7}.Debug|Any CPU.ActiveCfg = Debug|Any CPU
		{1F1014CD-084D-4220-A48E-80D0120634F7}.Debug|Any CPU.Build.0 = Debug|Any CPU
		{1F1014CD-084D-4220-A48E-80D0120634F7}.Release|Any CPU.ActiveCfg = Release|Any CPU
		{1F1014CD-084D-4220-A48E-80D0120634F7}.Release|Any CPU.Build.0 = Release|Any CPU
		{AC4CC996-8986-4391-9FCC-534B7C6DB642}.Debug|Any CPU.ActiveCfg = Debug|Any CPU
		{AC4CC996-8986-4391-9FCC-534B7C6DB642}.Debug|Any CPU.Build.0 = Debug|Any CPU
		{AC4CC996-8986-4391-9FCC-534B7C6DB642}.Release|Any CPU.ActiveCfg = Release|Any CPU
		{AC4CC996-8986-4391-9FCC-534B7C6DB642}.Release|Any CPU.Build.0 = Release|Any CPU
		{D9E95D80-7567-4BB4-9D3D-C77C22458EC5}.Debug|Any CPU.ActiveCfg = Debug|Any CPU
		{D9E95D80-7567-4BB4-9D3D-C77C22458EC5}.Debug|Any CPU.Build.0 = Debug|Any CPU
		{D9E95D80-7567-4BB4-9D3D-C77C22458EC5}.Release|Any CPU.ActiveCfg = Release|Any CPU
		{D9E95D80-7567-4BB4-9D3D-C77C22458EC5}.Release|Any CPU.Build.0 = Release|Any CPU
	EndGlobalSection
	GlobalSection(SolutionProperties) = preSolution
		HideSolutionNode = FALSE
	EndGlobalSection
EndGlobal
