
Microsoft Visual Studio Solution File, Format Version 12.00
# Visual Studio 2012
Project("{FAE04EC0-301F-11D3-BF4B-00C04F79EFBC}") = "Singleton", "Singleton\Singleton.csproj", "{2AD4AF32-1C76-4996-8EEA-B9ECB20C0DA7}"
EndProject
Global
	GlobalSection(SolutionConfigurationPlatforms) = preSolution
		Debug|Any CPU = Debug|Any CPU
		Release|Any CPU = Release|Any CPU
	EndGlobalSection
	GlobalSection(ProjectConfigurationPlatforms) = postSolution
		{2AD4AF32-1C76-4996-8EEA-B9ECB20C0DA7}.Debug|Any CPU.ActiveCfg = Debug|Any CPU
		{2AD4AF32-1C76-4996-8EEA-B9ECB20C0DA7}.Debug|Any CPU.Build.0 = Debug|Any CPU
		{2AD4AF32-1C76-4996-8EEA-B9ECB20C0DA7}.Release|Any CPU.ActiveCfg = Release|Any CPU
		{2AD4AF32-1C76-4996-8EEA-B9ECB20C0DA7}.Release|Any CPU.Build.0 = Release|Any CPU
	EndGlobalSection
	GlobalSection(SolutionProperties) = preSolution
		HideSolutionNode = FALSE
	EndGlobalSection
EndGlobal
